{
  "version": 4,
  "terraform_version": "1.5.7",
  "serial": 390,
  "lineage": "e8048d9d-caf2-c136-fc99-db96f6a49d99",
  "outputs": {},
  "resources": [
    {
      "mode": "managed",
      "type": "aws_vpc",
      "name": "main",
      "provider": "provider[\"registry.terraform.io/hashicorp/aws\"]",
      "instances": [
        {
          "schema_version": 1,
          "attributes": {
            "arn": "arn:aws:ec2:us-west-2:648278412233:vpc/vpc-0fcaf73d6ee8a7554",
            "assign_generated_ipv6_cidr_block": false,
            "cidr_block": "10.0.0.0/16",
            "default_network_acl_id": "acl-05c2aa213d79b68d4",
            "default_route_table_id": "rtb-0902bf2117fc5595f",
            "default_security_group_id": "sg-0be23f07e9241b344",
            "dhcp_options_id": "dopt-0bfac4ae5b88c19a5",
            "enable_dns_hostnames": true,
            "enable_dns_support": true,
            "enable_network_address_usage_metrics": false,
            "id": "vpc-0fcaf73d6ee8a7554",
            "instance_tenancy": "default",
            "ipv4_ipam_pool_id": null,
            "ipv4_netmask_length": null,
            "ipv6_association_id": "",
            "ipv6_cidr_block": "",
            "ipv6_cidr_block_network_border_group": "",
            "ipv6_ipam_pool_id": "",
            "ipv6_netmask_length": 0,
            "main_route_table_id": "rtb-0902bf2117fc5595f",
            "owner_id": "648278412233",
            "tags": {
              "Name": "cors-proxy-cluster-vpc"
            },
            "tags_all": {
              "Name": "cors-proxy-cluster-vpc"
            }
          },
          "sensitive_attributes": [],
          "private": "eyJzY2hlbWFfdmVyc2lvbiI6IjEifQ==",
          "create_before_destroy": true
        }
      ]
    }
  ],
  "check_results": null
}
